{
  "name": "indoors",
  "version": "1.0.0",
  "lockfileVersion": 2,
  "requires": true,
  "packages": {
    "": {
      "name": "indoors",
      "version": "1.0.0",
      "dependencies": {
        "@popperjs/core": "^2.8.2",
        "arrive": "^2.4.1",
        "compromise": "^13.9.3",
        "dompurify": "^2.2.6",
        "thenby": "^1.3.4",
        "tippy.js": "^6.2.7"
      }
    },
    "node_modules/@popperjs/core": {
      "version": "2.8.2",
      "resolved": "https://registry.npmjs.org/@popperjs/core/-/core-2.8.2.tgz",
      "integrity": "sha512-7PRna6st1As9DBTXO3Lf1lYw7bi+b/6kE2OPjvvdWHLfBxTI01FW1HSqt4akYzKe1Cta3bmhuwct4OAF2EVemA==",
      "funding": {
        "type": "opencollective",
        "url": "https://opencollective.com/popperjs"
      }
    },
    "node_modules/arrive": {
      "version": "2.4.1",
      "resolved": "https://registry.npmjs.org/arrive/-/arrive-2.4.1.tgz",
      "integrity": "sha1-VkyH8gvAm4DeeBEk2UMWlQBLgCA="
    },
    "node_modules/compromise": {
      "version": "13.9.3",
      "resolved": "https://registry.npmjs.org/compromise/-/compromise-13.9.3.tgz",
      "integrity": "sha512-A2n9c3ThPeMomeoEbXn+/PbnM2XDO2YeQMCObEYTZI8T3/OMl6hJkSQ81yMKB16hSPUnU8OEhHOpwU6xf8qDAg==",
      "dependencies": {
        "efrt-unpack": "2.2.0"
      },
      "engines": {
        "node": ">=6.0.0"
      }
    },
    "node_modules/dompurify": {
      "version": "2.2.6",
      "resolved": "https://registry.npmjs.org/dompurify/-/dompurify-2.2.6.tgz",
      "integrity": "sha512-7b7ZArhhH0SP6W2R9cqK6RjaU82FZ2UPM7RO8qN1b1wyvC/NY1FNWcX1Pu00fFOAnzEORtwXe4bPaClg6pUybQ=="
    },
    "node_modules/efrt-unpack": {
      "version": "2.2.0",
      "resolved": "https://registry.npmjs.org/efrt-unpack/-/efrt-unpack-2.2.0.tgz",
      "integrity": "sha512-9xUSSj7qcUxz+0r4X3+bwUNttEfGfK5AH+LVa1aTpqdAfrN5VhROYCfcF+up4hp5OL7IUKcZJJrzAGipQRDoiQ=="
    },
    "node_modules/thenby": {
      "version": "1.3.4",
      "resolved": "https://registry.npmjs.org/thenby/-/thenby-1.3.4.tgz",
      "integrity": "sha512-89Gi5raiWA3QZ4b2ePcEwswC3me9JIg+ToSgtE0JWeCynLnLxNr/f9G+xfo9K+Oj4AFdom8YNJjibIARTJmapQ=="
    },
    "node_modules/tippy.js": {
      "version": "6.2.7",
      "resolved": "https://registry.npmjs.org/tippy.js/-/tippy.js-6.2.7.tgz",
      "integrity": "sha512-k+kWF9AJz5xLQHBi3K/XlmJiyu+p9gsCyc5qZhxxGaJWIW8SMjw1R+C7saUnP33IM8gUhDA2xX//ejRSwqR0tA==",
      "dependencies": {
        "@popperjs/core": "^2.4.4"
      }
    }
  },
  "dependencies": {
    "@popperjs/core": {
      "version": "2.8.2",
      "resolved": "https://registry.npmjs.org/@popperjs/core/-/core-2.8.2.tgz",
      "integrity": "sha512-7PRna6st1As9DBTXO3Lf1lYw7bi+b/6kE2OPjvvdWHLfBxTI01FW1HSqt4akYzKe1Cta3bmhuwct4OAF2EVemA=="
    },
    "arrive": {
      "version": "2.4.1",
      "resolved": "https://registry.npmjs.org/arrive/-/arrive-2.4.1.tgz",
      "integrity": "sha1-VkyH8gvAm4DeeBEk2UMWlQBLgCA="
    },
    "compromise": {
      "version": "13.9.3",
      "resolved": "https://registry.npmjs.org/compromise/-/compromise-13.9.3.tgz",
      "integrity": "sha512-A2n9c3ThPeMomeoEbXn+/PbnM2XDO2YeQMCObEYTZI8T3/OMl6hJkSQ81yMKB16hSPUnU8OEhHOpwU6xf8qDAg==",
      "requires": {
        "efrt-unpack": "2.2.0"
      }
    },
    "dompurify": {
      "version": "2.2.6",
      "resolved": "https://registry.npmjs.org/dompurify/-/dompurify-2.2.6.tgz",
      "integrity": "sha512-7b7ZArhhH0SP6W2R9cqK6RjaU82FZ2UPM7RO8qN1b1wyvC/NY1FNWcX1Pu00fFOAnzEORtwXe4bPaClg6pUybQ=="
    },
    "efrt-unpack": {
      "version": "2.2.0",
      "resolved": "https://registry.npmjs.org/efrt-unpack/-/efrt-unpack-2.2.0.tgz",
      "integrity": "sha512-9xUSSj7qcUxz+0r4X3+bwUNttEfGfK5AH+LVa1aTpqdAfrN5VhROYCfcF+up4hp5OL7IUKcZJJrzAGipQRDoiQ=="
    },
    "thenby": {
      "version": "1.3.4",
      "resolved": "https://registry.npmjs.org/thenby/-/thenby-1.3.4.tgz",
      "integrity": "sha512-89Gi5raiWA3QZ4b2ePcEwswC3me9JIg+ToSgtE0JWeCynLnLxNr/f9G+xfo9K+Oj4AFdom8YNJjibIARTJmapQ=="
    },
    "tippy.js": {
      "version": "6.2.7",
      "resolved": "https://registry.npmjs.org/tippy.js/-/tippy.js-6.2.7.tgz",
      "integrity": "sha512-k+kWF9AJz5xLQHBi3K/XlmJiyu+p9gsCyc5qZhxxGaJWIW8SMjw1R+C7saUnP33IM8gUhDA2xX//ejRSwqR0tA==",
      "requires": {
        "@popperjs/core": "^2.4.4"
      }
    }
  }
}
