{
  "requires": true,
  "lockfileVersion": 1,
  "dependencies": {
    "compromise": {
      "version": "13.6.0",
      "resolved": "https://registry.npmjs.org/compromise/-/compromise-13.6.0.tgz",
      "integrity": "sha512-Bbdneeq0o+fFB/Kep1wovxBMcKTcTyHmTVGtj2ehQu15NNLDMw4nrDbsLFa7d8po4P19AuC9Hco2NDKg0AceWg==",
      "requires": {
        "efrt-unpack": "2.2.0"
      }
    },
    "dompurify": {
      "version": "2.1.1",
      "resolved": "https://registry.npmjs.org/dompurify/-/dompurify-2.1.1.tgz",
      "integrity": "sha512-NijiNVkS/OL8mdQL1hUbCD6uty/cgFpmNiuFxrmJ5YPH2cXrPKIewoixoji56rbZ6XBPmtM8GA8/sf9unlSuwg=="
    },
    "efrt-unpack": {
      "version": "2.2.0",
      "resolved": "https://registry.npmjs.org/efrt-unpack/-/efrt-unpack-2.2.0.tgz",
      "integrity": "sha512-9xUSSj7qcUxz+0r4X3+bwUNttEfGfK5AH+LVa1aTpqdAfrN5VhROYCfcF+up4hp5OL7IUKcZJJrzAGipQRDoiQ=="
    }
  }
}
